// !$*UTF8*$!
{
	archiveVersion = 1;
	classes = {
	};
	objectVersion = 56;
	objects = {

/* Begin PBXBuildFile section */
		BD8BFEA72C64BD8000327018 /* AboutMe2App.swift in Sources */ = {isa = PBXBuildFile; fileRef = BD8BFEA62C64BD8000327018 /* AboutMe2App.swift */; };
		BD8BFEA92C64BD8000327018 /* ContentView.swift in Sources */ = {isa = PBXBuildFile; fileRef = BD8BFEA82C64BD8000327018 /* ContentView.swift */; };
		BD8BFEAB2C64BD8200327018 /* Assets.xcassets in Resources */ = {isa = PBXBuildFile; fileRef = BD8BFEAA2C64BD8200327018 /* Assets.xcassets */; };
		BD8BFEAE2C64BD8200327018 /* Preview Assets.xcassets in Resources */ = {isa = PBXBuildFile; fileRef = BD8BFEAD2C64BD8200327018 /* Preview Assets.xcassets */; };
		BD8BFEB82C64BD8200327018 /* AboutMe2Tests.swift in Sources */ = {isa = PBXBuildFile; fileRef = BD8BFEB72C64BD8200327018 /* AboutMe2Tests.swift */; };
		BD8BFEC22C64BD8200327018 /* AboutMe2UITests.swift in Sources */ = {isa = PBXBuildFile; fileRef = BD8BFEC12C64BD8200327018 /* AboutMe2UITests.swift */; };
		BD8BFEC42C64BD8200327018 /* AboutMe2UITestsLaunchTests.swift in Sources */ = {isa = PBXBuildFile; fileRef = BD8BFEC32C64BD8200327018 /* AboutMe2UITestsLaunchTests.swift */; };
/* End PBXBuildFile section */

/* Begin PBXContainerItemProxy section */
		BD8BFEB42C64BD8200327018 /* PBXContainerItemProxy */ = {
			isa = PBXContainerItemProxy;
			containerPortal = BD8BFE9B2C64BD8000327018 /* Project object */;
			proxyType = 1;
			remoteGlobalIDString = BD8BFEA22C64BD8000327018;
			remoteInfo = AboutMe2;
		};
		BD8BFEBE2C64BD8200327018 /* PBXContainerItemProxy */ = {
			isa = PBXContainerItemProxy;
			containerPortal = BD8BFE9B2C64BD8000327018 /* Project object */;
			proxyType = 1;
			remoteGlobalIDString = BD8BFEA22C64BD8000327018;
			remoteInfo = AboutMe2;
		};
/* End PBXContainerItemProxy section */

/* Begin PBXFileReference section */
		BD8BFEA32C64BD8000327018 /* AboutMe2.app */ = {isa = PBXFileReference; explicitFileType = wrapper.application; includeInIndex = 0; path = AboutMe2.app; sourceTree = BUILT_PRODUCTS_DIR; };
		BD8BFEA62C64BD8000327018 /* AboutMe2App.swift */ = {isa = PBXFileReference; lastKnownFileType = sourcecode.swift; path = AboutMe2App.swift; sourceTree = "<group>"; };
		BD8BFEA82C64BD8000327018 /* ContentView.swift */ = {isa = PBXFileReference; lastKnownFileType = sourcecode.swift; path = ContentView.swift; sourceTree = "<group>"; };
		BD8BFEAA2C64BD8200327018 /* Assets.xcassets */ = {isa = PBXFileReference; lastKnownFileType = folder.assetcatalog; path = Assets.xcassets; sourceTree = "<group>"; };
		BD8BFEAD2C64BD8200327018 /* Preview Assets.xcassets */ = {isa = PBXFileReference; lastKnownFileType = folder.assetcatalog; path = "Preview Assets.xcassets"; sourceTree = "<group>"; };
		BD8BFEB32C64BD8200327018 /* AboutMe2Tests.xctest */ = {isa = PBXFileReference; explicitFileType = wrapper.cfbundle; includeInIndex = 0; path = AboutMe2Tests.xctest; sourceTree = BUILT_PRODUCTS_DIR; };
		BD8BFEB72C64BD8200327018 /* AboutMe2Tests.swift */ = {isa = PBXFileReference; lastKnownFileType = sourcecode.swift; path = AboutMe2Tests.swift; sourceTree = "<group>"; };
		BD8BFEBD2C64BD8200327018 /* AboutMe2UITests.xctest */ = {isa = PBXFileReference; explicitFileType = wrapper.cfbundle; includeInIndex = 0; path = AboutMe2UITests.xctest; sourceTree = BUILT_PRODUCTS_DIR; };
		BD8BFEC12C64BD8200327018 /* AboutMe2UITests.swift */ = {isa = PBXFileReference; lastKnownFileType = sourcecode.swift; path = AboutMe2UITests.swift; sourceTree = "<group>"; };
		BD8BFEC32C64BD8200327018 /* AboutMe2UITestsLaunchTests.swift */ = {isa = PBXFileReference; lastKnownFileType = sourcecode.swift; path = AboutMe2UITestsLaunchTests.swift; sourceTree = "<group>"; };
/* End PBXFileReference section */

/* Begin PBXFrameworksBuildPhase section */
		BD8BFEA02C64BD8000327018 /* Frameworks */ = {
			isa = PBXFrameworksBuildPhase;
			buildActionMask = 2147483647;
			files = (
			);
			runOnlyForDeploymentPostprocessing = 0;
		};
		BD8BFEB02C64BD8200327018 /* Frameworks */ = {
			isa = PBXFrameworksBuildPhase;
			buildActionMask = 2147483647;
			files = (
			);
			runOnlyForDeploymentPostprocessing = 0;
		};
		BD8BFEBA2C64BD8200327018 /* Frameworks */ = {
			isa = PBXFrameworksBuildPhase;
			buildActionMask = 2147483647;
			files = (
			);
			runOnlyForDeploymentPostprocessing = 0;
		};
/* End PBXFrameworksBuildPhase section */

/* Begin PBXGroup section */
		BD8BFE9A2C64BD8000327018 = {
			isa = PBXGroup;
			children = (
				BD8BFEA52C64BD8000327018 /* AboutMe2 */,
				BD8BFEB62C64BD8200327018 /* AboutMe2Tests */,
				BD8BFEC02C64BD8200327018 /* AboutMe2UITests */,
				BD8BFEA42C64BD8000327018 /* Products */,
			);
			sourceTree = "<group>";
		};
		BD8BFEA42C64BD8000327018 /* Products */ = {
			isa = PBXGroup;
			children = (
				BD8BFEA32C64BD8000327018 /* AboutMe2.app */,
				BD8BFEB32C64BD8200327018 /* AboutMe2Tests.xctest */,
				BD8BFEBD2C64BD8200327018 /* AboutMe2UITests.xctest */,
			);
			name = Products;
			sourceTree = "<group>";
		};
		BD8BFEA52C64BD8000327018 /* AboutMe2 */ = {
			isa = PBXGroup;
			children = (
				BD8BFEA62C64BD8000327018 /* AboutMe2App.swift */,
				BD8BFEA82C64BD8000327018 /* ContentView.swift */,
				BD8BFEAA2C64BD8200327018 /* Assets.xcassets */,
				BD8BFEAC2C64BD8200327018 /* Preview Content */,
			);
			path = AboutMe2;
			sourceTree = "<group>";
		};
		BD8BFEAC2C64BD8200327018 /* Preview Content */ = {
			isa = PBXGroup;
			children = (
				BD8BFEAD2C64BD8200327018 /* Preview Assets.xcassets */,
			);
			path = "Preview Content";
			sourceTree = "<group>";
		};
		BD8BFEB62C64BD8200327018 /* AboutMe2Tests */ = {
			isa = PBXGroup;
			children = (
				BD8BFEB72C64BD8200327018 /* AboutMe2Tests.swift */,
			);
			path = AboutMe2Tests;
			sourceTree = "<group>";
		};
		BD8BFEC02C64BD8200327018 /* AboutMe2UITests */ = {
			isa = PBXGroup;
			children = (
				BD8BFEC12C64BD8200327018 /* AboutMe2UITests.swift */,
				BD8BFEC32C64BD8200327018 /* AboutMe2UITestsLaunchTests.swift */,
			);
			path = AboutMe2UITests;
			sourceTree = "<group>";
		};
/* End PBXGroup section */

/* Begin PBXNativeTarget section */
		BD8BFEA22C64BD8000327018 /* AboutMe2 */ = {
			isa = PBXNativeTarget;
			buildConfigurationList = BD8BFEC72C64BD8200327018 /* Build configuration list for PBXNativeTarget "AboutMe2" */;
			buildPhases = (
				BD8BFE9F2C64BD8000327018 /* Sources */,
				BD8BFEA02C64BD8000327018 /* Frameworks */,
				BD8BFEA12C64BD8000327018 /* Resources */,
			);
			buildRules = (
			);
			dependencies = (
			);
			name = AboutMe2;
			productName = AboutMe2;
			productReference = BD8BFEA32C64BD8000327018 /* AboutMe2.app */;
			productType = "com.apple.product-type.application";
		};
		BD8BFEB22C64BD8200327018 /* AboutMe2Tests */ = {
			isa = PBXNativeTarget;
			buildConfigurationList = BD8BFECA2C64BD8200327018 /* Build configuration list for PBXNativeTarget "AboutMe2Tests" */;
			buildPhases = (
				BD8BFEAF2C64BD8200327018 /* Sources */,
				BD8BFEB02C64BD8200327018 /* Frameworks */,
				BD8BFEB12C64BD8200327018 /* Resources */,
			);
			buildRules = (
			);
			dependencies = (
				BD8BFEB52C64BD8200327018 /* PBXTargetDependency */,
			);
			name = AboutMe2Tests;
			productName = AboutMe2Tests;
			productReference = BD8BFEB32C64BD8200327018 /* AboutMe2Tests.xctest */;
			productType = "com.apple.product-type.bundle.unit-test";
		};
		BD8BFEBC2C64BD8200327018 /* AboutMe2UITests */ = {
			isa = PBXNativeTarget;
			buildConfigurationList = BD8BFECD2C64BD8200327018 /* Build configuration list for PBXNativeTarget "AboutMe2UITests" */;
			buildPhases = (
				BD8BFEB92C64BD8200327018 /* Sources */,
				BD8BFEBA2C64BD8200327018 /* Frameworks */,
				BD8BFEBB2C64BD8200327018 /* Resources */,
			);
			buildRules = (
			);
			dependencies = (
				BD8BFEBF2C64BD8200327018 /* PBXTargetDependency */,
			);
			name = AboutMe2UITests;
			productName = AboutMe2UITests;
			productReference = BD8BFEBD2C64BD8200327018 /* AboutMe2UITests.xctest */;
			productType = "com.apple.product-type.bundle.ui-testing";
		};
/* End PBXNativeTarget section */

/* Begin PBXProject section */
		BD8BFE9B2C64BD8000327018 /* Project object */ = {
			isa = PBXProject;
			attributes = {
				BuildIndependentTargetsInParallel = 1;
				LastSwiftUpdateCheck = 1540;
				LastUpgradeCheck = 1540;
				TargetAttributes = {
					BD8BFEA22C64BD8000327018 = {
						CreatedOnToolsVersion = 15.4;
					};
					BD8BFEB22C64BD8200327018 = {
						CreatedOnToolsVersion = 15.4;
						TestTargetID = BD8BFEA22C64BD8000327018;
					};
					BD8BFEBC2C64BD8200327018 = {
						CreatedOnToolsVersion = 15.4;
						TestTargetID = BD8BFEA22C64BD8000327018;
					};
				};
			};
			buildConfigurationList = BD8BFE9E2C64BD8000327018 /* Build configuration list for PBXProject "AboutMe2" */;
			compatibilityVersion = "Xcode 14.0";
			developmentRegion = en;
			hasScannedForEncodings = 0;
			knownRegions = (
				en,
				Base,
			);
			mainGroup = BD8BFE9A2C64BD8000327018;
			productRefGroup = BD8BFEA42C64BD8000327018 /* Products */;
			projectDirPath = "";
			projectRoot = "";
			targets = (
				BD8BFEA22C64BD8000327018 /* AboutMe2 */,
				BD8BFEB22C64BD8200327018 /* AboutMe2Tests */,
				BD8BFEBC2C64BD8200327018 /* AboutMe2UITests */,
			);
		};
/* End PBXProject section */

/* Begin PBXResourcesBuildPhase section */
		BD8BFEA12C64BD8000327018 /* Resources */ = {
			isa = PBXResourcesBuildPhase;
			buildActionMask = 2147483647;
			files = (
				BD8BFEAE2C64BD8200327018 /* Preview Assets.xcassets in Resources */,
				BD8BFEAB2C64BD8200327018 /* Assets.xcassets in Resources */,
			);
			runOnlyForDeploymentPostprocessing = 0;
		};
		BD8BFEB12C64BD8200327018 /* Resources */ = {
			isa = PBXResourcesBuildPhase;
			buildActionMask = 2147483647;
			files = (
			);
			runOnlyForDeploymentPostprocessing = 0;
		};
		BD8BFEBB2C64BD8200327018 /* Resources */ = {
			isa = PBXResourcesBuildPhase;
			buildActionMask = 2147483647;
			files = (
			);
			runOnlyForDeploymentPostprocessing = 0;
		};
/* End PBXResourcesBuildPhase section */

/* Begin PBXSourcesBuildPhase section */
		BD8BFE9F2C64BD8000327018 /* Sources */ = {
			isa = PBXSourcesBuildPhase;
			buildActionMask = 2147483647;
			files = (
				BD8BFEA92C64BD8000327018 /* ContentView.swift in Sources */,
				BD8BFEA72C64BD8000327018 /* AboutMe2App.swift in Sources */,
			);
			runOnlyForDeploymentPostprocessing = 0;
		};
		BD8BFEAF2C64BD8200327018 /* Sources */ = {
			isa = PBXSourcesBuildPhase;
			buildActionMask = 2147483647;
			files = (
				BD8BFEB82C64BD8200327018 /* AboutMe2Tests.swift in Sources */,
			);
			runOnlyForDeploymentPostprocessing = 0;
		};
		BD8BFEB92C64BD8200327018 /* Sources */ = {
			isa = PBXSourcesBuildPhase;
			buildActionMask = 2147483647;
			files = (
				BD8BFEC42C64BD8200327018 /* AboutMe2UITestsLaunchTests.swift in Sources */,
				BD8BFEC22C64BD8200327018 /* AboutMe2UITests.swift in Sources */,
			);
			runOnlyForDeploymentPostprocessing = 0;
		};
/* End PBXSourcesBuildPhase section */

/* Begin PBXTargetDependency section */
		BD8BFEB52C64BD8200327018 /* PBXTargetDependency */ = {
			isa = PBXTargetDependency;
			target = BD8BFEA22C64BD8000327018 /* AboutMe2 */;
			targetProxy = BD8BFEB42C64BD8200327018 /* PBXContainerItemProxy */;
		};
		BD8BFEBF2C64BD8200327018 /* PBXTargetDependency */ = {
			isa = PBXTargetDependency;
			target = BD8BFEA22C64BD8000327018 /* AboutMe2 */;
			targetProxy = BD8BFEBE2C64BD8200327018 /* PBXContainerItemProxy */;
		};
/* End PBXTargetDependency section */

/* Begin XCBuildConfiguration section */
		BD8BFEC52C64BD8200327018 /* Debug */ = {
			isa = XCBuildConfiguration;
			buildSettings = {
				ALWAYS_SEARCH_USER_PATHS = NO;
				ASSETCATALOG_COMPILER_GENERATE_SWIFT_ASSET_SYMBOL_EXTENSIONS = YES;
				CLANG_ANALYZER_NONNULL = YES;
				CLANG_ANALYZER_NUMBER_OBJECT_CONVERSION = YES_AGGRESSIVE;
				CLANG_CXX_LANGUAGE_STANDARD = "gnu++20";
				CLANG_ENABLE_MODULES = YES;
				CLANG_ENABLE_OBJC_ARC = YES;
				CLANG_ENABLE_OBJC_WEAK = YES;
				CLANG_WARN_BLOCK_CAPTURE_AUTORELEASING = YES;
				CLANG_WARN_BOOL_CONVERSION = YES;
				CLANG_WARN_COMMA = YES;
				CLANG_WARN_CONSTANT_CONVERSION = YES;
				CLANG_WARN_DEPRECATED_OBJC_IMPLEMENTATIONS = YES;
				CLANG_WARN_DIRECT_OBJC_ISA_USAGE = YES_ERROR;
				CLANG_WARN_DOCUMENTATION_COMMENTS = YES;
				CLANG_WARN_EMPTY_BODY = YES;
				CLANG_WARN_ENUM_CONVERSION = YES;
				CLANG_WARN_INFINITE_RECURSION = YES;
				CLANG_WARN_INT_CONVERSION = YES;
				CLANG_WARN_NON_LITERAL_NULL_CONVERSION = YES;
				CLANG_WARN_OBJC_IMPLICIT_RETAIN_SELF = YES;
				CLANG_WARN_OBJC_LITERAL_CONVERSION = YES;
				CLANG_WARN_OBJC_ROOT_CLASS = YES_ERROR;
				CLANG_WARN_QUOTED_INCLUDE_IN_FRAMEWORK_HEADER = YES;
				CLANG_WARN_RANGE_LOOP_ANALYSIS = YES;
				CLANG_WARN_STRICT_PROTOTYPES = YES;
				CLANG_WARN_SUSPICIOUS_MOVE = YES;
				CLANG_WARN_UNGUARDED_AVAILABILITY = YES_AGGRESSIVE;
				CLANG_WARN_UNREACHABLE_CODE = YES;
				CLANG_WARN__DUPLICATE_METHOD_MATCH = YES;
				COPY_PHASE_STRIP = NO;
				DEBUG_INFORMATION_FORMAT = dwarf;
				ENABLE_STRICT_OBJC_MSGSEND = YES;
				ENABLE_TESTABILITY = YES;
				ENABLE_USER_SCRIPT_SANDBOXING = YES;
				GCC_C_LANGUAGE_STANDARD = gnu17;
				GCC_DYNAMIC_NO_PIC = NO;
				GCC_NO_COMMON_BLOCKS = YES;
				GCC_OPTIMIZATION_LEVEL = 0;
				GCC_PREPROCESSOR_DEFINITIONS = (
					"DEBUG=1",
					"$(inherited)",
				);
				GCC_WARN_64_TO_32_BIT_CONVERSION = YES;
				GCC_WARN_ABOUT_RETURN_TYPE = YES_ERROR;
				GCC_WARN_UNDECLARED_SELECTOR = YES;
				GCC_WARN_UNINITIALIZED_AUTOS = YES_AGGRESSIVE;
				GCC_WARN_UNUSED_FUNCTION = YES;
				GCC_WARN_UNUSED_VARIABLE = YES;
				IPHONEOS_DEPLOYMENT_TARGET = 17.5;
				LOCALIZATION_PREFERS_STRING_CATALOGS = YES;
				MTL_ENABLE_DEBUG_INFO = INCLUDE_SOURCE;
				MTL_FAST_MATH = YES;
				ONLY_ACTIVE_ARCH = YES;
				SDKROOT = iphoneos;
				SWIFT_ACTIVE_COMPILATION_CONDITIONS = "DEBUG $(inherited)";
				SWIFT_OPTIMIZATION_LEVEL = "-Onone";
			};
			name = Debug;
		};
		BD8BFEC62C64BD8200327018 /* Release */ = {
			isa = XCBuildConfiguration;
			buildSettings = {
				ALWAYS_SEARCH_USER_PATHS = NO;
				ASSETCATALOG_COMPILER_GENERATE_SWIFT_ASSET_SYMBOL_EXTENSIONS = YES;
				CLANG_ANALYZER_NONNULL = YES;
				CLANG_ANALYZER_NUMBER_OBJECT_CONVERSION = YES_AGGRESSIVE;
				CLANG_CXX_LANGUAGE_STANDARD = "gnu++20";
				CLANG_ENABLE_MODULES = YES;
				CLANG_ENABLE_OBJC_ARC = YES;
				CLANG_ENABLE_OBJC_WEAK = YES;
				CLANG_WARN_BLOCK_CAPTURE_AUTORELEASING = YES;
				CLANG_WARN_BOOL_CONVERSION = YES;
				CLANG_WARN_COMMA = YES;
				CLANG_WARN_CONSTANT_CONVERSION = YES;
				CLANG_WARN_DEPRECATED_OBJC_IMPLEMENTATIONS = YES;
				CLANG_WARN_DIRECT_OBJC_ISA_USAGE = YES_ERROR;
				CLANG_WARN_DOCUMENTATION_COMMENTS = YES;
				CLANG_WARN_EMPTY_BODY = YES;
				CLANG_WARN_ENUM_CONVERSION = YES;
				CLANG_WARN_INFINITE_RECURSION = YES;
				CLANG_WARN_INT_CONVERSION = YES;
				CLANG_WARN_NON_LITERAL_NULL_CONVERSION = YES;
				CLANG_WARN_OBJC_IMPLICIT_RETAIN_SELF = YES;
				CLANG_WARN_OBJC_LITERAL_CONVERSION = YES;
				CLANG_WARN_OBJC_ROOT_CLASS = YES_ERROR;
				CLANG_WARN_QUOTED_INCLUDE_IN_FRAMEWORK_HEADER = YES;
				CLANG_WARN_RANGE_LOOP_ANALYSIS = YES;
				CLANG_WARN_STRICT_PROTOTYPES = YES;
				CLANG_WARN_SUSPICIOUS_MOVE = YES;
				CLANG_WARN_UNGUARDED_AVAILABILITY = YES_AGGRESSIVE;
				CLANG_WARN_UNREACHABLE_CODE = YES;
				CLANG_WARN__DUPLICATE_METHOD_MATCH = YES;
				COPY_PHASE_STRIP = NO;
				DEBUG_INFORMATION_FORMAT = "dwarf-with-dsym";
				ENABLE_NS_ASSERTIONS = NO;
				ENABLE_STRICT_OBJC_MSGSEND = YES;
				ENABLE_USER_SCRIPT_SANDBOXING = YES;
				GCC_C_LANGUAGE_STANDARD = gnu17;
				GCC_NO_COMMON_BLOCKS = YES;
				GCC_WARN_64_TO_32_BIT_CONVERSION = YES;
				GCC_WARN_ABOUT_RETURN_TYPE = YES_ERROR;
				GCC_WARN_UNDECLARED_SELECTOR = YES;
				GCC_WARN_UNINITIALIZED_AUTOS = YES_AGGRESSIVE;
				GCC_WARN_UNUSED_FUNCTION = YES;
				GCC_WARN_UNUSED_VARIABLE = YES;
				IPHONEOS_DEPLOYMENT_TARGET = 17.5;
				LOCALIZATION_PREFERS_STRING_CATALOGS = YES;
				MTL_ENABLE_DEBUG_INFO = NO;
				MTL_FAST_MATH = YES;
				SDKROOT = iphoneos;
				SWIFT_COMPILATION_MODE = wholemodule;
				VALIDATE_PRODUCT = YES;
			};
			name = Release;
		};
		BD8BFEC82C64BD8200327018 /* Debug */ = {
			isa = XCBuildConfiguration;
			buildSettings = {
				ASSETCATALOG_COMPILER_APPICON_NAME = AppIcon;
				ASSETCATALOG_COMPILER_GLOBAL_ACCENT_COLOR_NAME = AccentColor;
				CODE_SIGN_STYLE = Automatic;
				CURRENT_PROJECT_VERSION = 1;
				DEVELOPMENT_ASSET_PATHS = "\"AboutMe2/Preview Content\"";
				ENABLE_PREVIEWS = YES;
				GENERATE_INFOPLIST_FILE = YES;
				INFOPLIST_KEY_UIApplicationSceneManifest_Generation = YES;
				INFOPLIST_KEY_UIApplicationSupportsIndirectInputEvents = YES;
				INFOPLIST_KEY_UILaunchScreen_Generation = YES;
				INFOPLIST_KEY_UISupportedInterfaceOrientations_iPad = "UIInterfaceOrientationPortrait UIInterfaceOrientationPortraitUpsideDown UIInterfaceOrientationLandscapeLeft UIInterfaceOrientationLandscapeRight";
				INFOPLIST_KEY_UISupportedInterfaceOrientations_iPhone = "UIInterfaceOrientationPortrait UIInterfaceOrientationLandscapeLeft UIInterfaceOrientationLandscapeRight";
				LD_RUNPATH_SEARCH_PATHS = (
					"$(inherited)",
					"@executable_path/Frameworks",
				);
				MARKETING_VERSION = 1.0;
				PRODUCT_BUNDLE_IDENTIFIER = kwk.AboutMe2;
				PRODUCT_NAME = "$(TARGET_NAME)";
				SWIFT_EMIT_LOC_STRINGS = YES;
				SWIFT_VERSION = 5.0;
				TARGETED_DEVICE_FAMILY = "1,2";
			};
			name = Debug;
		};
		BD8BFEC92C64BD8200327018 /* Release */ = {
			isa = XCBuildConfiguration;
			buildSettings = {
				ASSETCATALOG_COMPILER_APPICON_NAME = AppIcon;
				ASSETCATALOG_COMPILER_GLOBAL_ACCENT_COLOR_NAME = AccentColor;
				CODE_SIGN_STYLE = Automatic;
				CURRENT_PROJECT_VERSION = 1;
				DEVELOPMENT_ASSET_PATHS = "\"AboutMe2/Preview Content\"";
				ENABLE_PREVIEWS = YES;
				GENERATE_INFOPLIST_FILE = YES;
				INFOPLIST_KEY_UIApplicationSceneManifest_Generation = YES;
				INFOPLIST_KEY_UIApplicationSupportsIndirectInputEvents = YES;
				INFOPLIST_KEY_UILaunchScreen_Generation = YES;
				INFOPLIST_KEY_UISupportedInterfaceOrientations_iPad = "UIInterfaceOrientationPortrait UIInterfaceOrientationPortraitUpsideDown UIInterfaceOrientationLandscapeLeft UIInterfaceOrientationLandscapeRight";
				INFOPLIST_KEY_UISupportedInterfaceOrientations_iPhone = "UIInterfaceOrientationPortrait UIInterfaceOrientationLandscapeLeft UIInterfaceOrientationLandscapeRight";
				LD_RUNPATH_SEARCH_PATHS = (
					"$(inherited)",
					"@executable_path/Frameworks",
				);
				MARKETING_VERSION = 1.0;
				PRODUCT_BUNDLE_IDENTIFIER = kwk.AboutMe2;
				PRODUCT_NAME = "$(TARGET_NAME)";
				SWIFT_EMIT_LOC_STRINGS = YES;
				SWIFT_VERSION = 5.0;
				TARGETED_DEVICE_FAMILY = "1,2";
			};
			name = Release;
		};
		BD8BFECB2C64BD8200327018 /* Debug */ = {
			isa = XCBuildConfiguration;
			buildSettings = {
				ALWAYS_EMBED_SWIFT_STANDARD_LIBRARIES = YES;
				BUNDLE_LOADER = "$(TEST_HOST)";
				CODE_SIGN_STYLE = Automatic;
				CURRENT_PROJECT_VERSION = 1;
				GENERATE_INFOPLIST_FILE = YES;
				IPHONEOS_DEPLOYMENT_TARGET = 17.5;
				MARKETING_VERSION = 1.0;
				PRODUCT_BUNDLE_IDENTIFIER = kwk.AboutMe2Tests;
				PRODUCT_NAME = "$(TARGET_NAME)";
				SWIFT_EMIT_LOC_STRINGS = NO;
				SWIFT_VERSION = 5.0;
				TARGETED_DEVICE_FAMILY = "1,2";
				TEST_HOST = "$(BUILT_PRODUCTS_DIR)/AboutMe2.app/$(BUNDLE_EXECUTABLE_FOLDER_PATH)/AboutMe2";
			};
			name = Debug;
		};
		BD8BFECC2C64BD8200327018 /* Release */ = {
			isa = XCBuildConfiguration;
			buildSettings = {
				ALWAYS_EMBED_SWIFT_STANDARD_LIBRARIES = YES;
				BUNDLE_LOADER = "$(TEST_HOST)";
				CODE_SIGN_STYLE = Automatic;
				CURRENT_PROJECT_VERSION = 1;
				GENERATE_INFOPLIST_FILE = YES;
				IPHONEOS_DEPLOYMENT_TARGET = 17.5;
				MARKETING_VERSION = 1.0;
				PRODUCT_BUNDLE_IDENTIFIER = kwk.AboutMe2Tests;
				PRODUCT_NAME = "$(TARGET_NAME)";
				SWIFT_EMIT_LOC_STRINGS = NO;
				SWIFT_VERSION = 5.0;
				TARGETED_DEVICE_FAMILY = "1,2";
				TEST_HOST = "$(BUILT_PRODUCTS_DIR)/AboutMe2.app/$(BUNDLE_EXECUTABLE_FOLDER_PATH)/AboutMe2";
			};
			name = Release;
		};
		BD8BFECE2C64BD8200327018 /* Debug */ = {
			isa = XCBuildConfiguration;
			buildSettings = {
				ALWAYS_EMBED_SWIFT_STANDARD_LIBRARIES = YES;
				CODE_SIGN_STYLE = Automatic;
				CURRENT_PROJECT_VERSION = 1;
				GENERATE_INFOPLIST_FILE = YES;
				MARKETING_VERSION = 1.0;
				PRODUCT_BUNDLE_IDENTIFIER = kwk.AboutMe2UITests;
				PRODUCT_NAME = "$(TARGET_NAME)";
				SWIFT_EMIT_LOC_STRINGS = NO;
				SWIFT_VERSION = 5.0;
				TARGETED_DEVICE_FAMILY = "1,2";
				TEST_TARGET_NAME = AboutMe2;
			};
			name = Debug;
		};
		BD8BFECF2C64BD8200327018 /* Release */ = {
			isa = XCBuildConfiguration;
			buildSettings = {
				ALWAYS_EMBED_SWIFT_STANDARD_LIBRARIES = YES;
				CODE_SIGN_STYLE = Automatic;
				CURRENT_PROJECT_VERSION = 1;
				GENERATE_INFOPLIST_FILE = YES;
				MARKETING_VERSION = 1.0;
				PRODUCT_BUNDLE_IDENTIFIER = kwk.AboutMe2UITests;
				PRODUCT_NAME = "$(TARGET_NAME)";
				SWIFT_EMIT_LOC_STRINGS = NO;
				SWIFT_VERSION = 5.0;
				TARGETED_DEVICE_FAMILY = "1,2";
				TEST_TARGET_NAME = AboutMe2;
			};
			name = Release;
		};
/* End XCBuildConfiguration section */

/* Begin XCConfigurationList section */
		BD8BFE9E2C64BD8000327018 /* Build configuration list for PBXProject "AboutMe2" */ = {
			isa = XCConfigurationList;
			buildConfigurations = (
				BD8BFEC52C64BD8200327018 /* Debug */,
				BD8BFEC62C64BD8200327018 /* Release */,
			);
			defaultConfigurationIsVisible = 0;
			defaultConfigurationName = Release;
		};
		BD8BFEC72C64BD8200327018 /* Build configuration list for PBXNativeTarget "AboutMe2" */ = {
			isa = XCConfigurationList;
			buildConfigurations = (
				BD8BFEC82C64BD8200327018 /* Debug */,
				BD8BFEC92C64BD8200327018 /* Release */,
			);
			defaultConfigurationIsVisible = 0;
			defaultConfigurationName = Release;
		};
		BD8BFECA2C64BD8200327018 /* Build configuration list for PBXNativeTarget "AboutMe2Tests" */ = {
			isa = XCConfigurationList;
			buildConfigurations = (
				BD8BFECB2C64BD8200327018 /* Debug */,
				BD8BFECC2C64BD8200327018 /* Release */,
			);
			defaultConfigurationIsVisible = 0;
			defaultConfigurationName = Release;
		};
		BD8BFECD2C64BD8200327018 /* Build configuration list for PBXNativeTarget "AboutMe2UITests" */ = {
			isa = XCConfigurationList;
			buildConfigurations = (
				BD8BFECE2C64BD8200327018 /* Debug */,
				BD8BFECF2C64BD8200327018 /* Release */,
			);
			defaultConfigurationIsVisible = 0;
			defaultConfigurationName = Release;
		};
/* End XCConfigurationList section */
	};
	rootObject = BD8BFE9B2C64BD8000327018 /* Project object */;
}
